# THIS IS AN AUTOGENERATED FILE. DO NOT EDIT THIS FILE DIRECTLY.
# yarn lockfile v1


kv-storage-polyfill@^1.1.0:
  version "1.1.0"
  resolved "https://registry.yarnpkg.com/kv-storage-polyfill/-/kv-storage-polyfill-1.1.0.tgz#dc89f76d1e3079361384fe4cabaeb1c1ad2f42c9"
  integrity sha512-HV339oQEiXjcVFaMRdSuiSr/MkYjQ7uasN8fxwYyb2J+/k2rikIaFejbUjV8PBOM17PZJggBR72WnLOXR46E+A==

lit-html@^1.0.0:
  version "1.1.0"
  resolved "https://registry.yarnpkg.com/lit-html/-/lit-html-1.1.0.tgz#6951fb717fb48fe34d915ae163448a04da321562"
  integrity sha512-ZDJHpJi09yknMpjwPI8fuSl5sUG7+pF+eE5WciFtgyX7zebvgMDBgSLq4knXa7grxM00RkQ7PBd7UZQiruA78Q==
